
Microsoft Visual Studio Solution File, Format Version 12.00
# Visual Studio 2012
Project("{FAE04EC0-301F-11D3-BF4B-00C04F79EFBC}") = "TextClient", "TextClient\TextClient.csproj", "{46D545A8-3F87-4353-B1D8-07BF5FF05D7D}"
EndProject
Global
	GlobalSection(SolutionConfigurationPlatforms) = preSolution
		Debug|Any CPU = Debug|Any CPU
		Release|Any CPU = Release|Any CPU
	EndGlobalSection
	GlobalSection(ProjectConfigurationPlatforms) = postSolution
		{46D545A8-3F87-4353-B1D8-07BF5FF05D7D}.Debug|Any CPU.ActiveCfg = Debug|Any CPU
		{46D545A8-3F87-4353-B1D8-07BF5FF05D7D}.Debug|Any CPU.Build.0 = Debug|Any CPU
		{46D545A8-3F87-4353-B1D8-07BF5FF05D7D}.Release|Any CPU.ActiveCfg = Release|Any CPU
		{46D545A8-3F87-4353-B1D8-07BF5FF05D7D}.Release|Any CPU.Build.0 = Release|Any CPU
	EndGlobalSection
	GlobalSection(SolutionProperties) = preSolution
		HideSolutionNode = FALSE
	EndGlobalSection
EndGlobal
